
Microsoft Visual Studio Solution File, Format Version 12.00
# Visual Studio Version 17
VisualStudioVersion = 17.0.31903.59
MinimumVisualStudioVersion = 10.0.40219.1
Project("{FAE04EC0-301F-11D3-BF4B-00C04F79EFBC}") = "DrawerPageExample", "DrawerPageExample.csproj", "{CBBEF1D1-7706-4938-8414-2067C55A2BDF}"
EndProject
Global
	GlobalSection(SolutionConfigurationPlatforms) = preSolution
		Debug|Any CPU = Debug|Any CPU
		Release|Any CPU = Release|Any CPU
	EndGlobalSection
	GlobalSection(SolutionProperties) = preSolution
		HideSolutionNode = FALSE
	EndGlobalSection
	GlobalSection(ProjectConfigurationPlatforms) = postSolution
		{CBBEF1D1-7706-4938-8414-2067C55A2BDF}.Debug|Any CPU.ActiveCfg = Debug|Any CPU
		{CBBEF1D1-7706-4938-8414-2067C55A2BDF}.Debug|Any CPU.Build.0 = Debug|Any CPU
		{CBBEF1D1-7706-4938-8414-2067C55A2BDF}.Debug|Any CPU.Deploy.0 = Debug|Any CPU
		{CBBEF1D1-7706-4938-8414-2067C55A2BDF}.Release|Any CPU.ActiveCfg = Release|Any CPU
		{CBBEF1D1-7706-4938-8414-2067C55A2BDF}.Release|Any CPU.Build.0 = Release|Any CPU
		{CBBEF1D1-7706-4938-8414-2067C55A2BDF}.Release|Any CPU.Deploy.0 = Release|Any CPU
	EndGlobalSection
EndGlobal
